
Microsoft Visual Studio Solution File, Format Version 12.00
# Visual Studio 15
VisualStudioVersion = 15.0.27703.2035
MinimumVisualStudioVersion = 10.0.40219.1
Project("{FAE04EC0-301F-11D3-BF4B-00C04F79EFBC}") = "forecast", "forecast\forecast.csproj", "{11DFAB10-9B9D-4220-9ABB-C2073C30B337}"
EndProject
Global
	GlobalSection(SolutionConfigurationPlatforms) = preSolution
		Debug|Any CPU = Debug|Any CPU
		Release|Any CPU = Release|Any CPU
	EndGlobalSection
	GlobalSection(ProjectConfigurationPlatforms) = postSolution
		{11DFAB10-9B9D-4220-9ABB-C2073C30B337}.Debug|Any CPU.ActiveCfg = Debug|Any CPU
		{11DFAB10-9B9D-4220-9ABB-C2073C30B337}.Debug|Any CPU.Build.0 = Debug|Any CPU
		{11DFAB10-9B9D-4220-9ABB-C2073C30B337}.Release|Any CPU.ActiveCfg = Release|Any CPU
		{11DFAB10-9B9D-4220-9ABB-C2073C30B337}.Release|Any CPU.Build.0 = Release|Any CPU
	EndGlobalSection
	GlobalSection(SolutionProperties) = preSolution
		HideSolutionNode = FALSE
	EndGlobalSection
	GlobalSection(ExtensibilityGlobals) = postSolution
		SolutionGuid = {52D9355D-C5F8-4646-9CF6-A3AAEFED7D69}
	EndGlobalSection
EndGlobal
